
Microsoft Visual Studio Solution File, Format Version 12.00
# Visual Studio Version 16
VisualStudioVersion = 16.0.29311.281
MinimumVisualStudioVersion = 10.0.40219.1
Project("{9A19103F-16F7-4668-BE54-9A1E7A4F7556}") = "PiShutdownButton", "PiShutdownButton.csproj", "{0C1FDA60-BAFE-40F4-AE3D-560C8E2B26E0}"
EndProject
Global
	GlobalSection(SolutionConfigurationPlatforms) = preSolution
		Debug|Any CPU = Debug|Any CPU
		Release|Any CPU = Release|Any CPU
	EndGlobalSection
	GlobalSection(ProjectConfigurationPlatforms) = postSolution
		{0C1FDA60-BAFE-40F4-AE3D-560C8E2B26E0}.Debug|Any CPU.ActiveCfg = Debug|Any CPU
		{0C1FDA60-BAFE-40F4-AE3D-560C8E2B26E0}.Debug|Any CPU.Build.0 = Debug|Any CPU
		{0C1FDA60-BAFE-40F4-AE3D-560C8E2B26E0}.Release|Any CPU.ActiveCfg = Release|Any CPU
		{0C1FDA60-BAFE-40F4-AE3D-560C8E2B26E0}.Release|Any CPU.Build.0 = Release|Any CPU
	EndGlobalSection
	GlobalSection(SolutionProperties) = preSolution
		HideSolutionNode = FALSE
	EndGlobalSection
	GlobalSection(ExtensibilityGlobals) = postSolution
		SolutionGuid = {C7983E58-0E21-4C0B-9126-62DF7044D564}
	EndGlobalSection
EndGlobal
